{
    "name": "md-api-examples",
    "version": "1.0.0",
    "lockfileVersion": 3,
    "requires": true,
    "packages": {
        "": {
            "name": "md-api-examples",
            "version": "1.0.0",
            "license": "MIT",
            "dependencies": {
                "node-mdaemon-api": "^22.0.3-alpha.19"
            }
        },
        "node_modules/node-mdaemon-api": {
            "version": "22.0.3-alpha.19",
            "resolved": "https://registry.npmjs.org/node-mdaemon-api/-/node-mdaemon-api-22.0.3-alpha.19.tgz",
            "integrity": "sha512-j0NkcyATwmKAuVTyYOPPJmENdWg9sFc/59HUqDyCDkucrGIxcwheYwQ2m+F3xOIs5c/dVF8BXlsZnBeXKXQuTQ==",
            "cpu": [
                "x64"
            ],
            "os": [
                "win32"
            ],
            "engines": {
                "node": ">=14.0.0 <18"
            }
        }
    }
}
