lockfileVersion: '9.0'

settings:
  autoInstallPeers: true
  excludeLinksFromLockfile: false

importers:

  .:
    dependencies:
      commander:
        specifier: ^12.1.0
        version: 12.1.0
      handlebars:
        specifier: ^4.7.7
        version: 4.7.8
      node-mdaemon-api:
        specifier: 25.0.0-alpha.38
        version: 25.0.0-alpha.38
      systeminformation:
        specifier: ^5.23.5
        version: 5.25.11

packages:

  commander@12.1.0:
    resolution: {integrity: sha512-Vw8qHK3bZM9y/P10u3Vib8o/DdkvA2OtPtZvD871QKjy74Wj1WSKFILMPRPSdUSx5RFK1arlJzEtA4PkFgnbuA==}
    engines: {node: '>=18'}

  handlebars@4.7.8:
    resolution: {integrity: sha512-vafaFqs8MZkRrSX7sFVUdo3ap/eNiLnb4IakshzvP56X5Nr1iGKAIqdX6tMlm6HcNRIkr6AxO5jFEoJzzpT8aQ==}
    engines: {node: '>=0.4.7'}
    hasBin: true

  minimist@1.2.8:
    resolution: {integrity: sha512-2yyAR8qBkN3YuheJanUpWC5U3bb5osDywNB8RzDVlDwDHbocAJveqqj1u8+SVD7jkWT4yvsHCpWqqWqAxb0zCA==}

  neo-async@2.6.2:
    resolution: {integrity: sha512-Yd3UES5mWCSqR+qNT93S3UoYUkqAZ9lLg8a7g9rimsWmYGK8cVToA4/sF3RrshdyV3sAGMXVUmpMYOw+dLpOuw==}

  node-mdaemon-api@25.0.0-alpha.38:
    resolution: {integrity: sha512-WoIQUv4zvvA0WxQ0Bz2h1EUlAKuTEOFmRnCCm39QDdT3Vw4FgH9solxtAiVOnpN2Rm6/Dyc+VLs9OLjjOdFCiw==}
    engines: {node: '>=19.0.0 <23'}
    os: [win32]

  source-map@0.6.1:
    resolution: {integrity: sha512-UjgapumWlbMhkBgzT7Ykc5YXUT46F0iKu8SGXq0bcwP5dz/h0Plj6enJqjz1Zbq2l5WaqYnrVbwWOWMyF3F47g==}
    engines: {node: '>=0.10.0'}

  systeminformation@5.25.11:
    resolution: {integrity: sha512-jI01fn/t47rrLTQB0FTlMCC+5dYx8o0RRF+R4BPiUNsvg5OdY0s9DKMFmJGrx5SwMZQ4cag0Gl6v8oycso9b/g==}
    engines: {node: '>=8.0.0'}
    os: [darwin, linux, win32, freebsd, openbsd, netbsd, sunos, android]
    hasBin: true

  uglify-js@3.19.3:
    resolution: {integrity: sha512-v3Xu+yuwBXisp6QYTcH4UbH+xYJXqnq2m/LtQVWKWzYc1iehYnLixoQDN9FH6/j9/oybfd6W9Ghwkl8+UMKTKQ==}
    engines: {node: '>=0.8.0'}
    hasBin: true

  wordwrap@1.0.0:
    resolution: {integrity: sha512-gvVzJFlPycKc5dZN4yPkP8w7Dc37BtP1yczEneOb4uq34pXZcvrtRTmWV8W+Ume+XCxKgbjM+nevkyFPMybd4Q==}

snapshots:

  commander@12.1.0: {}

  handlebars@4.7.8:
    dependencies:
      minimist: 1.2.8
      neo-async: 2.6.2
      source-map: 0.6.1
      wordwrap: 1.0.0
    optionalDependencies:
      uglify-js: 3.19.3

  minimist@1.2.8: {}

  neo-async@2.6.2: {}

  node-mdaemon-api@25.0.0-alpha.38: {}

  source-map@0.6.1: {}

  systeminformation@5.25.11: {}

  uglify-js@3.19.3:
    optional: true

  wordwrap@1.0.0: {}
