lockfileVersion: '9.0'

settings:
  autoInstallPeers: true
  excludeLinksFromLockfile: false

importers:

  .:
    dependencies:
      commander:
        specifier: ^14.0.0
        version: 14.0.0
      handlebars:
        specifier: ^4.7.7
        version: 4.7.8
      node-mdaemon-api:
        specifier: 25.0.3-alpha.42
        version: 25.0.3-alpha.42
      systeminformation:
        specifier: ^5.27.8
        version: 5.27.8

packages:

  commander@14.0.0:
    resolution: {integrity: sha512-2uM9rYjPvyq39NwLRqaiLtWHyDC1FvryJDa2ATTVims5YAS4PupsEQsDvP14FqhFr0P49CYDugi59xaxJlTXRA==}
    engines: {node: '>=20'}

  handlebars@4.7.8:
    resolution: {integrity: sha512-vafaFqs8MZkRrSX7sFVUdo3ap/eNiLnb4IakshzvP56X5Nr1iGKAIqdX6tMlm6HcNRIkr6AxO5jFEoJzzpT8aQ==}
    engines: {node: '>=0.4.7'}
    hasBin: true

  minimist@1.2.8:
    resolution: {integrity: sha512-2yyAR8qBkN3YuheJanUpWC5U3bb5osDywNB8RzDVlDwDHbocAJveqqj1u8+SVD7jkWT4yvsHCpWqqWqAxb0zCA==}

  neo-async@2.6.2:
    resolution: {integrity: sha512-Yd3UES5mWCSqR+qNT93S3UoYUkqAZ9lLg8a7g9rimsWmYGK8cVToA4/sF3RrshdyV3sAGMXVUmpMYOw+dLpOuw==}

  node-mdaemon-api@25.0.3-alpha.42:
    resolution: {integrity: sha512-8OxCboKz83G819B9tspZCWAHzlpxglB/oKXpUij4oQEAI96ZXdEamcZKLrRrt0XHn2eJJSmfWSOb4sBvHJQcjA==}
    engines: {node: '>=19.0.0 <23'}
    cpu: [x64]
    os: [win32]

  source-map@0.6.1:
    resolution: {integrity: sha512-UjgapumWlbMhkBgzT7Ykc5YXUT46F0iKu8SGXq0bcwP5dz/h0Plj6enJqjz1Zbq2l5WaqYnrVbwWOWMyF3F47g==}
    engines: {node: '>=0.10.0'}

  systeminformation@5.27.8:
    resolution: {integrity: sha512-d3Z0gaQO1MlUxzDUKsmXz5y4TOBCMZ8IyijzaYOykV3AcNOTQ7mT+tpndUOXYNSxzLK3la8G32xiUFvZ0/s6PA==}
    engines: {node: '>=8.0.0'}
    os: [darwin, linux, win32, freebsd, openbsd, netbsd, sunos, android]
    hasBin: true

  uglify-js@3.19.3:
    resolution: {integrity: sha512-v3Xu+yuwBXisp6QYTcH4UbH+xYJXqnq2m/LtQVWKWzYc1iehYnLixoQDN9FH6/j9/oybfd6W9Ghwkl8+UMKTKQ==}
    engines: {node: '>=0.8.0'}
    hasBin: true

  wordwrap@1.0.0:
    resolution: {integrity: sha512-gvVzJFlPycKc5dZN4yPkP8w7Dc37BtP1yczEneOb4uq34pXZcvrtRTmWV8W+Ume+XCxKgbjM+nevkyFPMybd4Q==}

snapshots:

  commander@14.0.0: {}

  handlebars@4.7.8:
    dependencies:
      minimist: 1.2.8
      neo-async: 2.6.2
      source-map: 0.6.1
      wordwrap: 1.0.0
    optionalDependencies:
      uglify-js: 3.19.3

  minimist@1.2.8: {}

  neo-async@2.6.2: {}

  node-mdaemon-api@25.0.3-alpha.42: {}

  source-map@0.6.1: {}

  systeminformation@5.27.8: {}

  uglify-js@3.19.3:
    optional: true

  wordwrap@1.0.0: {}
